
Microsoft Visual Studio Solution File, Format Version 12.00
# Visual Studio Version 17
VisualStudioVersion = 17.1.32421.90
MinimumVisualStudioVersion = 10.0.40219.1
Project("{FAE04EC0-301F-11D3-BF4B-00C04F79EFBC}") = "test001", "test001\test001.csproj", "{214EC226-516C-4A91-959A-C72861F22AD1}"
EndProject
Global
	GlobalSection(SolutionConfigurationPlatforms) = preSolution
		Debug|Any CPU = Debug|Any CPU
		Release|Any CPU = Release|Any CPU
	EndGlobalSection
	GlobalSection(ProjectConfigurationPlatforms) = postSolution
		{214EC226-516C-4A91-959A-C72861F22AD1}.Debug|Any CPU.ActiveCfg = Debug|Any CPU
		{214EC226-516C-4A91-959A-C72861F22AD1}.Debug|Any CPU.Build.0 = Debug|Any CPU
		{214EC226-516C-4A91-959A-C72861F22AD1}.Release|Any CPU.ActiveCfg = Release|Any CPU
		{214EC226-516C-4A91-959A-C72861F22AD1}.Release|Any CPU.Build.0 = Release|Any CPU
	EndGlobalSection
	GlobalSection(SolutionProperties) = preSolution
		HideSolutionNode = FALSE
	EndGlobalSection
	GlobalSection(ExtensibilityGlobals) = postSolution
		SolutionGuid = {40131A3B-D31C-4F09-9ADD-F4C1483D4815}
	EndGlobalSection
EndGlobal
